{
  "name": "@karhu/core",
  "version": "0.6.0",
  "lockfileVersion": 1,
  "requires": true,
  "dependencies": {
    "@types/jest": {
      "version": "24.0.0",
      "resolved": "https://registry.npmjs.org/@types/jest/-/jest-24.0.0.tgz",
      "integrity": "sha512-kOafJnUTnMd7/OfEO/x3I47EHswNjn+dbz9qk3mtonr1RvKT+1FGVxnxAx08I9K8Tl7j9hpoJRE7OCf+t10fng==",
      "dev": true
    }
  }
}
