{
	"name": "playground",
	"version": "0.1.0",
	"lockfileVersion": 1,
	"requires": true,
	"dependencies": {
		"@types/jest": {
			"version": "24.0.6",
			"resolved": "https://registry.npmjs.org/@types/jest/-/jest-24.0.6.tgz",
			"integrity": "sha512-NE7FBG/F4cMDKdCBqgyd+Sa6JZ5GiMOyA5QwJdeS4Ii/Z9a18WgGbFrHbcr48/7I9HdnkaAYP+S2MmQ27qoqJA==",
			"requires": {
				"@types/jest-diff": "*"
			},
			"dependencies": {
				"@types/jest-diff": {
					"version": "20.0.1",
					"resolved": "https://registry.npmjs.org/@types/jest-diff/-/jest-diff-20.0.1.tgz",
					"integrity": "sha512-yALhelO3i0hqZwhjtcr6dYyaLoCHbAMshwtj6cGxTvHZAKXHsYGdff6E8EPw3xLKY0ELUTQ69Q1rQiJENnccMA=="
				}
			}
		},
		"@types/react": {
			"version": "16.8.4",
			"resolved": "https://registry.npmjs.org/@types/react/-/react-16.8.4.tgz",
			"integrity": "sha512-Mpz1NNMJvrjf0GcDqiK8+YeOydXfD8Mgag3UtqQ5lXYTsMnOiHcKmO48LiSWMb1rSHB9MV/jlgyNzeAVxWMZRQ==",
			"requires": {
				"@types/prop-types": "*",
				"csstype": "^2.2.0"
			},
			"dependencies": {
				"@types/prop-types": {
					"version": "15.5.9",
					"resolved": "https://registry.npmjs.org/@types/prop-types/-/prop-types-15.5.9.tgz",
					"integrity": "sha512-Nha5b+jmBI271jdTMwrHiNXM+DvThjHOfyZtMX9kj/c/LUj2xiLHsG/1L3tJ8DjAoQN48cHwUwtqBotjyXaSdQ=="
				},
				"csstype": {
					"version": "2.6.2",
					"resolved": "https://registry.npmjs.org/csstype/-/csstype-2.6.2.tgz",
					"integrity": "sha512-Rl7PvTae0pflc1YtxtKbiSqq20Ts6vpIYOD5WBafl4y123DyHUeLrRdQP66sQW8/6gmX8jrYJLXwNeMqYVJcow=="
				}
			}
		},
		"typescript": {
			"version": "3.3.3",
			"resolved": "https://registry.npmjs.org/typescript/-/typescript-3.3.3.tgz",
			"integrity": "sha512-Y21Xqe54TBVp+VDSNbuDYdGw0BpoR/Q6wo/+35M8PAU0vipahnyduJWirxxdxjsAkS7hue53x2zp8gz7F05u0A=="
		}
	}
}
