{
  "name": "@karhu/ui",
  "version": "0.6.1",
  "lockfileVersion": 1,
  "requires": true,
  "dependencies": {
    "@types/jest": {
      "version": "24.0.6",
      "resolved": "https://registry.npmjs.org/@types/jest/-/jest-24.0.6.tgz",
      "integrity": "sha512-NE7FBG/F4cMDKdCBqgyd+Sa6JZ5GiMOyA5QwJdeS4Ii/Z9a18WgGbFrHbcr48/7I9HdnkaAYP+S2MmQ27qoqJA==",
      "dev": true,
      "requires": {
        "@types/jest-diff": "*"
      },
      "dependencies": {
        "@types/jest-diff": {
          "version": "20.0.1",
          "resolved": "https://registry.npmjs.org/@types/jest-diff/-/jest-diff-20.0.1.tgz",
          "integrity": "sha512-yALhelO3i0hqZwhjtcr6dYyaLoCHbAMshwtj6cGxTvHZAKXHsYGdff6E8EPw3xLKY0ELUTQ69Q1rQiJENnccMA==",
          "dev": true
        }
      }
    }
  }
}
